
Microsoft Visual Studio Solution File, Format Version 12.00
# Visual Studio Version 17
VisualStudioVersion = 17.0.31903.59
MinimumVisualStudioVersion = 10.0.40219.1
Project("{2150E333-8FDC-42A3-9474-1A3956D46DE8}") = "src", "src", "{827E0CD3-B72D-47B6-A68D-7590B98EB39B}"
EndProject
Project("{FAE04EC0-301F-11D3-BF4B-00C04F79EFBC}") = "Aletheia.Analytics", "src\Aletheia.Analytics\Aletheia.Analytics.csproj", "{5BD98FCC-0BAB-46DC-8BE7-DABF93FF8820}"
EndProject
Project("{FAE04EC0-301F-11D3-BF4B-00C04F79EFBC}") = "Aletheia.Core", "src\Aletheia.Core\Aletheia.Core.csproj", "{F938EDCE-C7A2-4B5E-B989-3D6D658B5AFA}"
EndProject
Project("{FAE04EC0-301F-11D3-BF4B-00C04F79EFBC}") = "Aletheia.TimeSeries", "src\Aletheia.TimeSeries\Aletheia.TimeSeries.csproj", "{AD61B269-6359-4148-A18F-2773A7F8E286}"
EndProject
Project("{FAE04EC0-301F-11D3-BF4B-00C04F79EFBC}") = "Aletheia.Mathematics", "src\Aletheia.Mathematics\Aletheia.Mathematics.csproj", "{618BBAC3-F2E9-4B8D-B866-1DFC8F8B7DE0}"
EndProject
Project("{FAE04EC0-301F-11D3-BF4B-00C04F79EFBC}") = "Aletheia.Cli", "src\Aletheia.Cli\Aletheia.Cli.csproj", "{38D62572-2509-4BFA-B897-9DDE989AA6A2}"
EndProject
Project("{FAE04EC0-301F-11D3-BF4B-00C04F79EFBC}") = "Aletheia.Data", "src\Aletheia.Data\Aletheia.Data.csproj", "{5E1B7D92-5D98-4B95-A0D3-67635CD76BF4}"
EndProject
Project("{FAE04EC0-301F-11D3-BF4B-00C04F79EFBC}") = "Aletheia.Dynamics", "src\Aletheia.Dynamics\Aletheia.Dynamics.csproj", "{BD30AB16-3D98-4365-9C9E-0DE8E99F20AC}"
EndProject
Project("{FAE04EC0-301F-11D3-BF4B-00C04F79EFBC}") = "Aletheia.Spectral", "src\Aletheia.Spectral\Aletheia.Spectral.csproj", "{13B474AB-D12D-4967-A1AA-534F471F4ADF}"
EndProject
Project("{FAE04EC0-301F-11D3-BF4B-00C04F79EFBC}") = "Aletheia.Forecasting", "src\Aletheia.Forecasting\Aletheia.Forecasting.csproj", "{7A3B8559-B9E7-446F-8891-EF4F034F3619}"
EndProject
Project("{FAE04EC0-301F-11D3-BF4B-00C04F79EFBC}") = "Aletheia.Simulation", "src\Aletheia.Simulation\Aletheia.Simulation.csproj", "{A8CB539E-25E4-4482-87DE-C2649F673F25}"
EndProject
Project("{FAE04EC0-301F-11D3-BF4B-00C04F79EFBC}") = "Aletheia.Validation", "src\Aletheia.Validation\Aletheia.Validation.csproj", "{52BDF45E-74B7-4FF5-8612-7773EE5EB808}"
EndProject
Project("{2150E333-8FDC-42A3-9474-1A3956D46DE8}") = "tests", "tests", "{0AB3BF05-4346-4AA6-1389-037BE0695223}"
EndProject
Project("{FAE04EC0-301F-11D3-BF4B-00C04F79EFBC}") = "Aletheia.Analytics.Tests", "tests\Aletheia.Analytics.Tests\Aletheia.Analytics.Tests.csproj", "{04513B61-6321-4CF9-9950-7D99590F3EC9}"
EndProject
Project("{FAE04EC0-301F-11D3-BF4B-00C04F79EFBC}") = "Aletheia.Core.Tests", "tests\Aletheia.Core.Tests\Aletheia.Core.Tests.csproj", "{EC5A41CB-BC96-4EFC-B058-236D80C361D9}"
EndProject
Project("{FAE04EC0-301F-11D3-BF4B-00C04F79EFBC}") = "Aletheia.Data.Tests", "tests\Aletheia.Data.Tests\Aletheia.Data.Tests.csproj", "{25296621-6B8F-4177-AFBB-AEA16093ADA6}"
EndProject
Project("{FAE04EC0-301F-11D3-BF4B-00C04F79EFBC}") = "Aletheia.Dynamics.Tests", "tests\Aletheia.Dynamics.Tests\Aletheia.Dynamics.Tests.csproj", "{6AAAA62C-617F-47F8-9DC4-B2AAF5B7C617}"
EndProject
Project("{FAE04EC0-301F-11D3-BF4B-00C04F79EFBC}") = "Aletheia.Forecasting.Tests", "tests\Aletheia.Forecasting.Tests\Aletheia.Forecasting.Tests.csproj", "{F7A70512-D553-48E1-A043-0F8CBDEE7472}"
EndProject
Project("{FAE04EC0-301F-11D3-BF4B-00C04F79EFBC}") = "Aletheia.Mathematics.Tests", "tests\Aletheia.Mathematics.Tests\Aletheia.Mathematics.Tests.csproj", "{BE26EA63-8351-457C-94B1-D957E27D8BE4}"
EndProject
Project("{FAE04EC0-301F-11D3-BF4B-00C04F79EFBC}") = "Aletheia.Simulation.Tests", "tests\Aletheia.Simulation.Tests\Aletheia.Simulation.Tests.csproj", "{DCB6E74C-E8CB-4F66-AD28-BA7AB76C13A2}"
EndProject
Project("{FAE04EC0-301F-11D3-BF4B-00C04F79EFBC}") = "Aletheia.Spectral.Tests", "tests\Aletheia.Spectral.Tests\Aletheia.Spectral.Tests.csproj", "{B145CCD3-9105-4A24-AEB6-06247CDADCCB}"
EndProject
Project("{FAE04EC0-301F-11D3-BF4B-00C04F79EFBC}") = "Aletheia.TimeSeries.Tests", "tests\Aletheia.TimeSeries.Tests\Aletheia.TimeSeries.Tests.csproj", "{A83E40D8-CD7E-4FB2-A122-B239BCD9D2CD}"
EndProject
Project("{FAE04EC0-301F-11D3-BF4B-00C04F79EFBC}") = "Aletheia.Validation.Tests", "tests\Aletheia.Validation.Tests\Aletheia.Validation.Tests.csproj", "{EBC46215-06C0-4451-AA1E-6F1363EE82A6}"
EndProject
Project("{FAE04EC0-301F-11D3-BF4B-00C04F79EFBC}") = "Aletheia.Persistence", "src\Aletheia.Persistence\Aletheia.Persistence.csproj", "{B7E5632C-A0B9-4F42-B35D-31DDF75959E2}"
EndProject
Project("{FAE04EC0-301F-11D3-BF4B-00C04F79EFBC}") = "Aletheia.Persistence.Tests", "tests\Aletheia.Persistence.Tests\Aletheia.Persistence.Tests.csproj", "{A67936DA-4E78-4C9A-8D6F-7D8B23248373}"
EndProject
Project("{FAE04EC0-301F-11D3-BF4B-00C04F79EFBC}") = "Aletheia.Application", "src\Aletheia.Application\Aletheia.Application.csproj", "{22DFE784-8756-4D77-99B7-BB6BE110E5AA}"
EndProject
Project("{FAE04EC0-301F-11D3-BF4B-00C04F79EFBC}") = "Aletheia.Desktop", "src\Aletheia.Desktop\Aletheia.Desktop.csproj", "{679FAF50-C810-40C5-9F8C-9070D41DBBFD}"
EndProject
Project("{FAE04EC0-301F-11D3-BF4B-00C04F79EFBC}") = "Aletheia.Application.Tests", "tests\Aletheia.Application.Tests\Aletheia.Application.Tests.csproj", "{98D411F6-13C8-4E6D-B3C7-9020D99A72CE}"
EndProject
Project("{FAE04EC0-301F-11D3-BF4B-00C04F79EFBC}") = "Aletheia.Desktop.Tests", "tests\Aletheia.Desktop.Tests\Aletheia.Desktop.Tests.csproj", "{1FB3631C-C086-40B0-A65D-C25FB9807B94}"
EndProject
Global
	GlobalSection(SolutionConfigurationPlatforms) = preSolution
		Debug|Any CPU = Debug|Any CPU
		Debug|x64 = Debug|x64
		Debug|x86 = Debug|x86
		Release|Any CPU = Release|Any CPU
		Release|x64 = Release|x64
		Release|x86 = Release|x86
	EndGlobalSection
	GlobalSection(ProjectConfigurationPlatforms) = postSolution
		{5BD98FCC-0BAB-46DC-8BE7-DABF93FF8820}.Debug|Any CPU.ActiveCfg = Debug|Any CPU
		{5BD98FCC-0BAB-46DC-8BE7-DABF93FF8820}.Debug|Any CPU.Build.0 = Debug|Any CPU
		{5BD98FCC-0BAB-46DC-8BE7-DABF93FF8820}.Debug|x64.ActiveCfg = Debug|Any CPU
		{5BD98FCC-0BAB-46DC-8BE7-DABF93FF8820}.Debug|x64.Build.0 = Debug|Any CPU
		{5BD98FCC-0BAB-46DC-8BE7-DABF93FF8820}.Debug|x86.ActiveCfg = Debug|Any CPU
		{5BD98FCC-0BAB-46DC-8BE7-DABF93FF8820}.Debug|x86.Build.0 = Debug|Any CPU
		{5BD98FCC-0BAB-46DC-8BE7-DABF93FF8820}.Release|Any CPU.ActiveCfg = Release|Any CPU
		{5BD98FCC-0BAB-46DC-8BE7-DABF93FF8820}.Release|Any CPU.Build.0 = Release|Any CPU
		{5BD98FCC-0BAB-46DC-8BE7-DABF93FF8820}.Release|x64.ActiveCfg = Release|Any CPU
		{5BD98FCC-0BAB-46DC-8BE7-DABF93FF8820}.Release|x64.Build.0 = Release|Any CPU
		{5BD98FCC-0BAB-46DC-8BE7-DABF93FF8820}.Release|x86.ActiveCfg = Release|Any CPU
		{5BD98FCC-0BAB-46DC-8BE7-DABF93FF8820}.Release|x86.Build.0 = Release|Any CPU
		{F938EDCE-C7A2-4B5E-B989-3D6D658B5AFA}.Debug|Any CPU.ActiveCfg = Debug|Any CPU
		{F938EDCE-C7A2-4B5E-B989-3D6D658B5AFA}.Debug|Any CPU.Build.0 = Debug|Any CPU
		{F938EDCE-C7A2-4B5E-B989-3D6D658B5AFA}.Debug|x64.ActiveCfg = Debug|Any CPU
		{F938EDCE-C7A2-4B5E-B989-3D6D658B5AFA}.Debug|x64.Build.0 = Debug|Any CPU
		{F938EDCE-C7A2-4B5E-B989-3D6D658B5AFA}.Debug|x86.ActiveCfg = Debug|Any CPU
		{F938EDCE-C7A2-4B5E-B989-3D6D658B5AFA}.Debug|x86.Build.0 = Debug|Any CPU
		{F938EDCE-C7A2-4B5E-B989-3D6D658B5AFA}.Release|Any CPU.ActiveCfg = Release|Any CPU
		{F938EDCE-C7A2-4B5E-B989-3D6D658B5AFA}.Release|Any CPU.Build.0 = Release|Any CPU
		{F938EDCE-C7A2-4B5E-B989-3D6D658B5AFA}.Release|x64.ActiveCfg = Release|Any CPU
		{F938EDCE-C7A2-4B5E-B989-3D6D658B5AFA}.Release|x64.Build.0 = Release|Any CPU
		{F938EDCE-C7A2-4B5E-B989-3D6D658B5AFA}.Release|x86.ActiveCfg = Release|Any CPU
		{F938EDCE-C7A2-4B5E-B989-3D6D658B5AFA}.Release|x86.Build.0 = Release|Any CPU
		{AD61B269-6359-4148-A18F-2773A7F8E286}.Debug|Any CPU.ActiveCfg = Debug|Any CPU
		{AD61B269-6359-4148-A18F-2773A7F8E286}.Debug|Any CPU.Build.0 = Debug|Any CPU
		{AD61B269-6359-4148-A18F-2773A7F8E286}.Debug|x64.ActiveCfg = Debug|Any CPU
		{AD61B269-6359-4148-A18F-2773A7F8E286}.Debug|x64.Build.0 = Debug|Any CPU
		{AD61B269-6359-4148-A18F-2773A7F8E286}.Debug|x86.ActiveCfg = Debug|Any CPU
		{AD61B269-6359-4148-A18F-2773A7F8E286}.Debug|x86.Build.0 = Debug|Any CPU
		{AD61B269-6359-4148-A18F-2773A7F8E286}.Release|Any CPU.ActiveCfg = Release|Any CPU
		{AD61B269-6359-4148-A18F-2773A7F8E286}.Release|Any CPU.Build.0 = Release|Any CPU
		{AD61B269-6359-4148-A18F-2773A7F8E286}.Release|x64.ActiveCfg = Release|Any CPU
		{AD61B269-6359-4148-A18F-2773A7F8E286}.Release|x64.Build.0 = Release|Any CPU
		{AD61B269-6359-4148-A18F-2773A7F8E286}.Release|x86.ActiveCfg = Release|Any CPU
		{AD61B269-6359-4148-A18F-2773A7F8E286}.Release|x86.Build.0 = Release|Any CPU
		{618BBAC3-F2E9-4B8D-B866-1DFC8F8B7DE0}.Debug|Any CPU.ActiveCfg = Debug|Any CPU
		{618BBAC3-F2E9-4B8D-B866-1DFC8F8B7DE0}.Debug|Any CPU.Build.0 = Debug|Any CPU
		{618BBAC3-F2E9-4B8D-B866-1DFC8F8B7DE0}.Debug|x64.ActiveCfg = Debug|Any CPU
		{618BBAC3-F2E9-4B8D-B866-1DFC8F8B7DE0}.Debug|x64.Build.0 = Debug|Any CPU
		{618BBAC3-F2E9-4B8D-B866-1DFC8F8B7DE0}.Debug|x86.ActiveCfg = Debug|Any CPU
		{618BBAC3-F2E9-4B8D-B866-1DFC8F8B7DE0}.Debug|x86.Build.0 = Debug|Any CPU
		{618BBAC3-F2E9-4B8D-B866-1DFC8F8B7DE0}.Release|Any CPU.ActiveCfg = Release|Any CPU
		{618BBAC3-F2E9-4B8D-B866-1DFC8F8B7DE0}.Release|Any CPU.Build.0 = Release|Any CPU
		{618BBAC3-F2E9-4B8D-B866-1DFC8F8B7DE0}.Release|x64.ActiveCfg = Release|Any CPU
		{618BBAC3-F2E9-4B8D-B866-1DFC8F8B7DE0}.Release|x64.Build.0 = Release|Any CPU
		{618BBAC3-F2E9-4B8D-B866-1DFC8F8B7DE0}.Release|x86.ActiveCfg = Release|Any CPU
		{618BBAC3-F2E9-4B8D-B866-1DFC8F8B7DE0}.Release|x86.Build.0 = Release|Any CPU
		{38D62572-2509-4BFA-B897-9DDE989AA6A2}.Debug|Any CPU.ActiveCfg = Debug|Any CPU
		{38D62572-2509-4BFA-B897-9DDE989AA6A2}.Debug|Any CPU.Build.0 = Debug|Any CPU
		{38D62572-2509-4BFA-B897-9DDE989AA6A2}.Debug|x64.ActiveCfg = Debug|Any CPU
		{38D62572-2509-4BFA-B897-9DDE989AA6A2}.Debug|x64.Build.0 = Debug|Any CPU
		{38D62572-2509-4BFA-B897-9DDE989AA6A2}.Debug|x86.ActiveCfg = Debug|Any CPU
		{38D62572-2509-4BFA-B897-9DDE989AA6A2}.Debug|x86.Build.0 = Debug|Any CPU
		{38D62572-2509-4BFA-B897-9DDE989AA6A2}.Release|Any CPU.ActiveCfg = Release|Any CPU
		{38D62572-2509-4BFA-B897-9DDE989AA6A2}.Release|Any CPU.Build.0 = Release|Any CPU
		{38D62572-2509-4BFA-B897-9DDE989AA6A2}.Release|x64.ActiveCfg = Release|Any CPU
		{38D62572-2509-4BFA-B897-9DDE989AA6A2}.Release|x64.Build.0 = Release|Any CPU
		{38D62572-2509-4BFA-B897-9DDE989AA6A2}.Release|x86.ActiveCfg = Release|Any CPU
		{38D62572-2509-4BFA-B897-9DDE989AA6A2}.Release|x86.Build.0 = Release|Any CPU
		{5E1B7D92-5D98-4B95-A0D3-67635CD76BF4}.Debug|Any CPU.ActiveCfg = Debug|Any CPU
		{5E1B7D92-5D98-4B95-A0D3-67635CD76BF4}.Debug|Any CPU.Build.0 = Debug|Any CPU
		{5E1B7D92-5D98-4B95-A0D3-67635CD76BF4}.Debug|x64.ActiveCfg = Debug|Any CPU
		{5E1B7D92-5D98-4B95-A0D3-67635CD76BF4}.Debug|x64.Build.0 = Debug|Any CPU
		{5E1B7D92-5D98-4B95-A0D3-67635CD76BF4}.Debug|x86.ActiveCfg = Debug|Any CPU
		{5E1B7D92-5D98-4B95-A0D3-67635CD76BF4}.Debug|x86.Build.0 = Debug|Any CPU
		{5E1B7D92-5D98-4B95-A0D3-67635CD76BF4}.Release|Any CPU.ActiveCfg = Release|Any CPU
		{5E1B7D92-5D98-4B95-A0D3-67635CD76BF4}.Release|Any CPU.Build.0 = Release|Any CPU
		{5E1B7D92-5D98-4B95-A0D3-67635CD76BF4}.Release|x64.ActiveCfg = Release|Any CPU
		{5E1B7D92-5D98-4B95-A0D3-67635CD76BF4}.Release|x64.Build.0 = Release|Any CPU
		{5E1B7D92-5D98-4B95-A0D3-67635CD76BF4}.Release|x86.ActiveCfg = Release|Any CPU
		{5E1B7D92-5D98-4B95-A0D3-67635CD76BF4}.Release|x86.Build.0 = Release|Any CPU
		{BD30AB16-3D98-4365-9C9E-0DE8E99F20AC}.Debug|Any CPU.ActiveCfg = Debug|Any CPU
		{BD30AB16-3D98-4365-9C9E-0DE8E99F20AC}.Debug|Any CPU.Build.0 = Debug|Any CPU
		{BD30AB16-3D98-4365-9C9E-0DE8E99F20AC}.Debug|x64.ActiveCfg = Debug|Any CPU
		{BD30AB16-3D98-4365-9C9E-0DE8E99F20AC}.Debug|x64.Build.0 = Debug|Any CPU
		{BD30AB16-3D98-4365-9C9E-0DE8E99F20AC}.Debug|x86.ActiveCfg = Debug|Any CPU
		{BD30AB16-3D98-4365-9C9E-0DE8E99F20AC}.Debug|x86.Build.0 = Debug|Any CPU
		{BD30AB16-3D98-4365-9C9E-0DE8E99F20AC}.Release|Any CPU.ActiveCfg = Release|Any CPU
		{BD30AB16-3D98-4365-9C9E-0DE8E99F20AC}.Release|Any CPU.Build.0 = Release|Any CPU
		{BD30AB16-3D98-4365-9C9E-0DE8E99F20AC}.Release|x64.ActiveCfg = Release|Any CPU
		{BD30AB16-3D98-4365-9C9E-0DE8E99F20AC}.Release|x64.Build.0 = Release|Any CPU
		{BD30AB16-3D98-4365-9C9E-0DE8E99F20AC}.Release|x86.ActiveCfg = Release|Any CPU
		{BD30AB16-3D98-4365-9C9E-0DE8E99F20AC}.Release|x86.Build.0 = Release|Any CPU
		{13B474AB-D12D-4967-A1AA-534F471F4ADF}.Debug|Any CPU.ActiveCfg = Debug|Any CPU
		{13B474AB-D12D-4967-A1AA-534F471F4ADF}.Debug|Any CPU.Build.0 = Debug|Any CPU
		{13B474AB-D12D-4967-A1AA-534F471F4ADF}.Debug|x64.ActiveCfg = Debug|Any CPU
		{13B474AB-D12D-4967-A1AA-534F471F4ADF}.Debug|x64.Build.0 = Debug|Any CPU
		{13B474AB-D12D-4967-A1AA-534F471F4ADF}.Debug|x86.ActiveCfg = Debug|Any CPU
		{13B474AB-D12D-4967-A1AA-534F471F4ADF}.Debug|x86.Build.0 = Debug|Any CPU
		{13B474AB-D12D-4967-A1AA-534F471F4ADF}.Release|Any CPU.ActiveCfg = Release|Any CPU
		{13B474AB-D12D-4967-A1AA-534F471F4ADF}.Release|Any CPU.Build.0 = Release|Any CPU
		{13B474AB-D12D-4967-A1AA-534F471F4ADF}.Release|x64.ActiveCfg = Release|Any CPU
		{13B474AB-D12D-4967-A1AA-534F471F4ADF}.Release|x64.Build.0 = Release|Any CPU
		{13B474AB-D12D-4967-A1AA-534F471F4ADF}.Release|x86.ActiveCfg = Release|Any CPU
		{13B474AB-D12D-4967-A1AA-534F471F4ADF}.Release|x86.Build.0 = Release|Any CPU
		{7A3B8559-B9E7-446F-8891-EF4F034F3619}.Debug|Any CPU.ActiveCfg = Debug|Any CPU
		{7A3B8559-B9E7-446F-8891-EF4F034F3619}.Debug|Any CPU.Build.0 = Debug|Any CPU
		{7A3B8559-B9E7-446F-8891-EF4F034F3619}.Debug|x64.ActiveCfg = Debug|Any CPU
		{7A3B8559-B9E7-446F-8891-EF4F034F3619}.Debug|x64.Build.0 = Debug|Any CPU
		{7A3B8559-B9E7-446F-8891-EF4F034F3619}.Debug|x86.ActiveCfg = Debug|Any CPU
		{7A3B8559-B9E7-446F-8891-EF4F034F3619}.Debug|x86.Build.0 = Debug|Any CPU
		{7A3B8559-B9E7-446F-8891-EF4F034F3619}.Release|Any CPU.ActiveCfg = Release|Any CPU
		{7A3B8559-B9E7-446F-8891-EF4F034F3619}.Release|Any CPU.Build.0 = Release|Any CPU
		{7A3B8559-B9E7-446F-8891-EF4F034F3619}.Release|x64.ActiveCfg = Release|Any CPU
		{7A3B8559-B9E7-446F-8891-EF4F034F3619}.Release|x64.Build.0 = Release|Any CPU
		{7A3B8559-B9E7-446F-8891-EF4F034F3619}.Release|x86.ActiveCfg = Release|Any CPU
		{7A3B8559-B9E7-446F-8891-EF4F034F3619}.Release|x86.Build.0 = Release|Any CPU
		{A8CB539E-25E4-4482-87DE-C2649F673F25}.Debug|Any CPU.ActiveCfg = Debug|Any CPU
		{A8CB539E-25E4-4482-87DE-C2649F673F25}.Debug|Any CPU.Build.0 = Debug|Any CPU
		{A8CB539E-25E4-4482-87DE-C2649F673F25}.Debug|x64.ActiveCfg = Debug|Any CPU
		{A8CB539E-25E4-4482-87DE-C2649F673F25}.Debug|x64.Build.0 = Debug|Any CPU
		{A8CB539E-25E4-4482-87DE-C2649F673F25}.Debug|x86.ActiveCfg = Debug|Any CPU
		{A8CB539E-25E4-4482-87DE-C2649F673F25}.Debug|x86.Build.0 = Debug|Any CPU
		{A8CB539E-25E4-4482-87DE-C2649F673F25}.Release|Any CPU.ActiveCfg = Release|Any CPU
		{A8CB539E-25E4-4482-87DE-C2649F673F25}.Release|Any CPU.Build.0 = Release|Any CPU
		{A8CB539E-25E4-4482-87DE-C2649F673F25}.Release|x64.ActiveCfg = Release|Any CPU
		{A8CB539E-25E4-4482-87DE-C2649F673F25}.Release|x64.Build.0 = Release|Any CPU
		{A8CB539E-25E4-4482-87DE-C2649F673F25}.Release|x86.ActiveCfg = Release|Any CPU
		{A8CB539E-25E4-4482-87DE-C2649F673F25}.Release|x86.Build.0 = Release|Any CPU
		{52BDF45E-74B7-4FF5-8612-7773EE5EB808}.Debug|Any CPU.ActiveCfg = Debug|Any CPU
		{52BDF45E-74B7-4FF5-8612-7773EE5EB808}.Debug|Any CPU.Build.0 = Debug|Any CPU
		{52BDF45E-74B7-4FF5-8612-7773EE5EB808}.Debug|x64.ActiveCfg = Debug|Any CPU
		{52BDF45E-74B7-4FF5-8612-7773EE5EB808}.Debug|x64.Build.0 = Debug|Any CPU
		{52BDF45E-74B7-4FF5-8612-7773EE5EB808}.Debug|x86.ActiveCfg = Debug|Any CPU
		{52BDF45E-74B7-4FF5-8612-7773EE5EB808}.Debug|x86.Build.0 = Debug|Any CPU
		{52BDF45E-74B7-4FF5-8612-7773EE5EB808}.Release|Any CPU.ActiveCfg = Release|Any CPU
		{52BDF45E-74B7-4FF5-8612-7773EE5EB808}.Release|Any CPU.Build.0 = Release|Any CPU
		{52BDF45E-74B7-4FF5-8612-7773EE5EB808}.Release|x64.ActiveCfg = Release|Any CPU
		{52BDF45E-74B7-4FF5-8612-7773EE5EB808}.Release|x64.Build.0 = Release|Any CPU
		{52BDF45E-74B7-4FF5-8612-7773EE5EB808}.Release|x86.ActiveCfg = Release|Any CPU
		{52BDF45E-74B7-4FF5-8612-7773EE5EB808}.Release|x86.Build.0 = Release|Any CPU
		{04513B61-6321-4CF9-9950-7D99590F3EC9}.Debug|Any CPU.ActiveCfg = Debug|Any CPU
		{04513B61-6321-4CF9-9950-7D99590F3EC9}.Debug|Any CPU.Build.0 = Debug|Any CPU
		{04513B61-6321-4CF9-9950-7D99590F3EC9}.Debug|x64.ActiveCfg = Debug|Any CPU
		{04513B61-6321-4CF9-9950-7D99590F3EC9}.Debug|x64.Build.0 = Debug|Any CPU
		{04513B61-6321-4CF9-9950-7D99590F3EC9}.Debug|x86.ActiveCfg = Debug|Any CPU
		{04513B61-6321-4CF9-9950-7D99590F3EC9}.Debug|x86.Build.0 = Debug|Any CPU
		{04513B61-6321-4CF9-9950-7D99590F3EC9}.Release|Any CPU.ActiveCfg = Release|Any CPU
		{04513B61-6321-4CF9-9950-7D99590F3EC9}.Release|Any CPU.Build.0 = Release|Any CPU
		{04513B61-6321-4CF9-9950-7D99590F3EC9}.Release|x64.ActiveCfg = Release|Any CPU
		{04513B61-6321-4CF9-9950-7D99590F3EC9}.Release|x64.Build.0 = Release|Any CPU
		{04513B61-6321-4CF9-9950-7D99590F3EC9}.Release|x86.ActiveCfg = Release|Any CPU
		{04513B61-6321-4CF9-9950-7D99590F3EC9}.Release|x86.Build.0 = Release|Any CPU
		{EC5A41CB-BC96-4EFC-B058-236D80C361D9}.Debug|Any CPU.ActiveCfg = Debug|Any CPU
		{EC5A41CB-BC96-4EFC-B058-236D80C361D9}.Debug|Any CPU.Build.0 = Debug|Any CPU
		{EC5A41CB-BC96-4EFC-B058-236D80C361D9}.Debug|x64.ActiveCfg = Debug|Any CPU
		{EC5A41CB-BC96-4EFC-B058-236D80C361D9}.Debug|x64.Build.0 = Debug|Any CPU
		{EC5A41CB-BC96-4EFC-B058-236D80C361D9}.Debug|x86.ActiveCfg = Debug|Any CPU
		{EC5A41CB-BC96-4EFC-B058-236D80C361D9}.Debug|x86.Build.0 = Debug|Any CPU
		{EC5A41CB-BC96-4EFC-B058-236D80C361D9}.Release|Any CPU.ActiveCfg = Release|Any CPU
		{EC5A41CB-BC96-4EFC-B058-236D80C361D9}.Release|Any CPU.Build.0 = Release|Any CPU
		{EC5A41CB-BC96-4EFC-B058-236D80C361D9}.Release|x64.ActiveCfg = Release|Any CPU
		{EC5A41CB-BC96-4EFC-B058-236D80C361D9}.Release|x64.Build.0 = Release|Any CPU
		{EC5A41CB-BC96-4EFC-B058-236D80C361D9}.Release|x86.ActiveCfg = Release|Any CPU
		{EC5A41CB-BC96-4EFC-B058-236D80C361D9}.Release|x86.Build.0 = Release|Any CPU
		{25296621-6B8F-4177-AFBB-AEA16093ADA6}.Debug|Any CPU.ActiveCfg = Debug|Any CPU
		{25296621-6B8F-4177-AFBB-AEA16093ADA6}.Debug|Any CPU.Build.0 = Debug|Any CPU
		{25296621-6B8F-4177-AFBB-AEA16093ADA6}.Debug|x64.ActiveCfg = Debug|Any CPU
		{25296621-6B8F-4177-AFBB-AEA16093ADA6}.Debug|x64.Build.0 = Debug|Any CPU
		{25296621-6B8F-4177-AFBB-AEA16093ADA6}.Debug|x86.ActiveCfg = Debug|Any CPU
		{25296621-6B8F-4177-AFBB-AEA16093ADA6}.Debug|x86.Build.0 = Debug|Any CPU
		{25296621-6B8F-4177-AFBB-AEA16093ADA6}.Release|Any CPU.ActiveCfg = Release|Any CPU
		{25296621-6B8F-4177-AFBB-AEA16093ADA6}.Release|Any CPU.Build.0 = Release|Any CPU
		{25296621-6B8F-4177-AFBB-AEA16093ADA6}.Release|x64.ActiveCfg = Release|Any CPU
		{25296621-6B8F-4177-AFBB-AEA16093ADA6}.Release|x64.Build.0 = Release|Any CPU
		{25296621-6B8F-4177-AFBB-AEA16093ADA6}.Release|x86.ActiveCfg = Release|Any CPU
		{25296621-6B8F-4177-AFBB-AEA16093ADA6}.Release|x86.Build.0 = Release|Any CPU
		{6AAAA62C-617F-47F8-9DC4-B2AAF5B7C617}.Debug|Any CPU.ActiveCfg = Debug|Any CPU
		{6AAAA62C-617F-47F8-9DC4-B2AAF5B7C617}.Debug|Any CPU.Build.0 = Debug|Any CPU
		{6AAAA62C-617F-47F8-9DC4-B2AAF5B7C617}.Debug|x64.ActiveCfg = Debug|Any CPU
		{6AAAA62C-617F-47F8-9DC4-B2AAF5B7C617}.Debug|x64.Build.0 = Debug|Any CPU
		{6AAAA62C-617F-47F8-9DC4-B2AAF5B7C617}.Debug|x86.ActiveCfg = Debug|Any CPU
		{6AAAA62C-617F-47F8-9DC4-B2AAF5B7C617}.Debug|x86.Build.0 = Debug|Any CPU
		{6AAAA62C-617F-47F8-9DC4-B2AAF5B7C617}.Release|Any CPU.ActiveCfg = Release|Any CPU
		{6AAAA62C-617F-47F8-9DC4-B2AAF5B7C617}.Release|Any CPU.Build.0 = Release|Any CPU
		{6AAAA62C-617F-47F8-9DC4-B2AAF5B7C617}.Release|x64.ActiveCfg = Release|Any CPU
		{6AAAA62C-617F-47F8-9DC4-B2AAF5B7C617}.Release|x64.Build.0 = Release|Any CPU
		{6AAAA62C-617F-47F8-9DC4-B2AAF5B7C617}.Release|x86.ActiveCfg = Release|Any CPU
		{6AAAA62C-617F-47F8-9DC4-B2AAF5B7C617}.Release|x86.Build.0 = Release|Any CPU
		{F7A70512-D553-48E1-A043-0F8CBDEE7472}.Debug|Any CPU.ActiveCfg = Debug|Any CPU
		{F7A70512-D553-48E1-A043-0F8CBDEE7472}.Debug|Any CPU.Build.0 = Debug|Any CPU
		{F7A70512-D553-48E1-A043-0F8CBDEE7472}.Debug|x64.ActiveCfg = Debug|Any CPU
		{F7A70512-D553-48E1-A043-0F8CBDEE7472}.Debug|x64.Build.0 = Debug|Any CPU
		{F7A70512-D553-48E1-A043-0F8CBDEE7472}.Debug|x86.ActiveCfg = Debug|Any CPU
		{F7A70512-D553-48E1-A043-0F8CBDEE7472}.Debug|x86.Build.0 = Debug|Any CPU
		{F7A70512-D553-48E1-A043-0F8CBDEE7472}.Release|Any CPU.ActiveCfg = Release|Any CPU
		{F7A70512-D553-48E1-A043-0F8CBDEE7472}.Release|Any CPU.Build.0 = Release|Any CPU
		{F7A70512-D553-48E1-A043-0F8CBDEE7472}.Release|x64.ActiveCfg = Release|Any CPU
		{F7A70512-D553-48E1-A043-0F8CBDEE7472}.Release|x64.Build.0 = Release|Any CPU
		{F7A70512-D553-48E1-A043-0F8CBDEE7472}.Release|x86.ActiveCfg = Release|Any CPU
		{F7A70512-D553-48E1-A043-0F8CBDEE7472}.Release|x86.Build.0 = Release|Any CPU
		{BE26EA63-8351-457C-94B1-D957E27D8BE4}.Debug|Any CPU.ActiveCfg = Debug|Any CPU
		{BE26EA63-8351-457C-94B1-D957E27D8BE4}.Debug|Any CPU.Build.0 = Debug|Any CPU
		{BE26EA63-8351-457C-94B1-D957E27D8BE4}.Debug|x64.ActiveCfg = Debug|Any CPU
		{BE26EA63-8351-457C-94B1-D957E27D8BE4}.Debug|x64.Build.0 = Debug|Any CPU
		{BE26EA63-8351-457C-94B1-D957E27D8BE4}.Debug|x86.ActiveCfg = Debug|Any CPU
		{BE26EA63-8351-457C-94B1-D957E27D8BE4}.Debug|x86.Build.0 = Debug|Any CPU
		{BE26EA63-8351-457C-94B1-D957E27D8BE4}.Release|Any CPU.ActiveCfg = Release|Any CPU
		{BE26EA63-8351-457C-94B1-D957E27D8BE4}.Release|Any CPU.Build.0 = Release|Any CPU
		{BE26EA63-8351-457C-94B1-D957E27D8BE4}.Release|x64.ActiveCfg = Release|Any CPU
		{BE26EA63-8351-457C-94B1-D957E27D8BE4}.Release|x64.Build.0 = Release|Any CPU
		{BE26EA63-8351-457C-94B1-D957E27D8BE4}.Release|x86.ActiveCfg = Release|Any CPU
		{BE26EA63-8351-457C-94B1-D957E27D8BE4}.Release|x86.Build.0 = Release|Any CPU
		{DCB6E74C-E8CB-4F66-AD28-BA7AB76C13A2}.Debug|Any CPU.ActiveCfg = Debug|Any CPU
		{DCB6E74C-E8CB-4F66-AD28-BA7AB76C13A2}.Debug|Any CPU.Build.0 = Debug|Any CPU
		{DCB6E74C-E8CB-4F66-AD28-BA7AB76C13A2}.Debug|x64.ActiveCfg = Debug|Any CPU
		{DCB6E74C-E8CB-4F66-AD28-BA7AB76C13A2}.Debug|x64.Build.0 = Debug|Any CPU
		{DCB6E74C-E8CB-4F66-AD28-BA7AB76C13A2}.Debug|x86.ActiveCfg = Debug|Any CPU
		{DCB6E74C-E8CB-4F66-AD28-BA7AB76C13A2}.Debug|x86.Build.0 = Debug|Any CPU
		{DCB6E74C-E8CB-4F66-AD28-BA7AB76C13A2}.Release|Any CPU.ActiveCfg = Release|Any CPU
		{DCB6E74C-E8CB-4F66-AD28-BA7AB76C13A2}.Release|Any CPU.Build.0 = Release|Any CPU
		{DCB6E74C-E8CB-4F66-AD28-BA7AB76C13A2}.Release|x64.ActiveCfg = Release|Any CPU
		{DCB6E74C-E8CB-4F66-AD28-BA7AB76C13A2}.Release|x64.Build.0 = Release|Any CPU
		{DCB6E74C-E8CB-4F66-AD28-BA7AB76C13A2}.Release|x86.ActiveCfg = Release|Any CPU
		{DCB6E74C-E8CB-4F66-AD28-BA7AB76C13A2}.Release|x86.Build.0 = Release|Any CPU
		{B145CCD3-9105-4A24-AEB6-06247CDADCCB}.Debug|Any CPU.ActiveCfg = Debug|Any CPU
		{B145CCD3-9105-4A24-AEB6-06247CDADCCB}.Debug|Any CPU.Build.0 = Debug|Any CPU
		{B145CCD3-9105-4A24-AEB6-06247CDADCCB}.Debug|x64.ActiveCfg = Debug|Any CPU
		{B145CCD3-9105-4A24-AEB6-06247CDADCCB}.Debug|x64.Build.0 = Debug|Any CPU
		{B145CCD3-9105-4A24-AEB6-06247CDADCCB}.Debug|x86.ActiveCfg = Debug|Any CPU
		{B145CCD3-9105-4A24-AEB6-06247CDADCCB}.Debug|x86.Build.0 = Debug|Any CPU
		{B145CCD3-9105-4A24-AEB6-06247CDADCCB}.Release|Any CPU.ActiveCfg = Release|Any CPU
		{B145CCD3-9105-4A24-AEB6-06247CDADCCB}.Release|Any CPU.Build.0 = Release|Any CPU
		{B145CCD3-9105-4A24-AEB6-06247CDADCCB}.Release|x64.ActiveCfg = Release|Any CPU
		{B145CCD3-9105-4A24-AEB6-06247CDADCCB}.Release|x64.Build.0 = Release|Any CPU
		{B145CCD3-9105-4A24-AEB6-06247CDADCCB}.Release|x86.ActiveCfg = Release|Any CPU
		{B145CCD3-9105-4A24-AEB6-06247CDADCCB}.Release|x86.Build.0 = Release|Any CPU
		{A83E40D8-CD7E-4FB2-A122-B239BCD9D2CD}.Debug|Any CPU.ActiveCfg = Debug|Any CPU
		{A83E40D8-CD7E-4FB2-A122-B239BCD9D2CD}.Debug|Any CPU.Build.0 = Debug|Any CPU
		{A83E40D8-CD7E-4FB2-A122-B239BCD9D2CD}.Debug|x64.ActiveCfg = Debug|Any CPU
		{A83E40D8-CD7E-4FB2-A122-B239BCD9D2CD}.Debug|x64.Build.0 = Debug|Any CPU
		{A83E40D8-CD7E-4FB2-A122-B239BCD9D2CD}.Debug|x86.ActiveCfg = Debug|Any CPU
		{A83E40D8-CD7E-4FB2-A122-B239BCD9D2CD}.Debug|x86.Build.0 = Debug|Any CPU
		{A83E40D8-CD7E-4FB2-A122-B239BCD9D2CD}.Release|Any CPU.ActiveCfg = Release|Any CPU
		{A83E40D8-CD7E-4FB2-A122-B239BCD9D2CD}.Release|Any CPU.Build.0 = Release|Any CPU
		{A83E40D8-CD7E-4FB2-A122-B239BCD9D2CD}.Release|x64.ActiveCfg = Release|Any CPU
		{A83E40D8-CD7E-4FB2-A122-B239BCD9D2CD}.Release|x64.Build.0 = Release|Any CPU
		{A83E40D8-CD7E-4FB2-A122-B239BCD9D2CD}.Release|x86.ActiveCfg = Release|Any CPU
		{A83E40D8-CD7E-4FB2-A122-B239BCD9D2CD}.Release|x86.Build.0 = Release|Any CPU
		{EBC46215-06C0-4451-AA1E-6F1363EE82A6}.Debug|Any CPU.ActiveCfg = Debug|Any CPU
		{EBC46215-06C0-4451-AA1E-6F1363EE82A6}.Debug|Any CPU.Build.0 = Debug|Any CPU
		{EBC46215-06C0-4451-AA1E-6F1363EE82A6}.Debug|x64.ActiveCfg = Debug|Any CPU
		{EBC46215-06C0-4451-AA1E-6F1363EE82A6}.Debug|x64.Build.0 = Debug|Any CPU
		{EBC46215-06C0-4451-AA1E-6F1363EE82A6}.Debug|x86.ActiveCfg = Debug|Any CPU
		{EBC46215-06C0-4451-AA1E-6F1363EE82A6}.Debug|x86.Build.0 = Debug|Any CPU
		{EBC46215-06C0-4451-AA1E-6F1363EE82A6}.Release|Any CPU.ActiveCfg = Release|Any CPU
		{EBC46215-06C0-4451-AA1E-6F1363EE82A6}.Release|Any CPU.Build.0 = Release|Any CPU
		{EBC46215-06C0-4451-AA1E-6F1363EE82A6}.Release|x64.ActiveCfg = Release|Any CPU
		{EBC46215-06C0-4451-AA1E-6F1363EE82A6}.Release|x64.Build.0 = Release|Any CPU
		{EBC46215-06C0-4451-AA1E-6F1363EE82A6}.Release|x86.ActiveCfg = Release|Any CPU
		{EBC46215-06C0-4451-AA1E-6F1363EE82A6}.Release|x86.Build.0 = Release|Any CPU
		{B7E5632C-A0B9-4F42-B35D-31DDF75959E2}.Debug|Any CPU.ActiveCfg = Debug|Any CPU
		{B7E5632C-A0B9-4F42-B35D-31DDF75959E2}.Debug|Any CPU.Build.0 = Debug|Any CPU
		{B7E5632C-A0B9-4F42-B35D-31DDF75959E2}.Debug|x64.ActiveCfg = Debug|Any CPU
		{B7E5632C-A0B9-4F42-B35D-31DDF75959E2}.Debug|x64.Build.0 = Debug|Any CPU
		{B7E5632C-A0B9-4F42-B35D-31DDF75959E2}.Debug|x86.ActiveCfg = Debug|Any CPU
		{B7E5632C-A0B9-4F42-B35D-31DDF75959E2}.Debug|x86.Build.0 = Debug|Any CPU
		{B7E5632C-A0B9-4F42-B35D-31DDF75959E2}.Release|Any CPU.ActiveCfg = Release|Any CPU
		{B7E5632C-A0B9-4F42-B35D-31DDF75959E2}.Release|Any CPU.Build.0 = Release|Any CPU
		{B7E5632C-A0B9-4F42-B35D-31DDF75959E2}.Release|x64.ActiveCfg = Release|Any CPU
		{B7E5632C-A0B9-4F42-B35D-31DDF75959E2}.Release|x64.Build.0 = Release|Any CPU
		{B7E5632C-A0B9-4F42-B35D-31DDF75959E2}.Release|x86.ActiveCfg = Release|Any CPU
		{B7E5632C-A0B9-4F42-B35D-31DDF75959E2}.Release|x86.Build.0 = Release|Any CPU
		{A67936DA-4E78-4C9A-8D6F-7D8B23248373}.Debug|Any CPU.ActiveCfg = Debug|Any CPU
		{A67936DA-4E78-4C9A-8D6F-7D8B23248373}.Debug|Any CPU.Build.0 = Debug|Any CPU
		{A67936DA-4E78-4C9A-8D6F-7D8B23248373}.Debug|x64.ActiveCfg = Debug|Any CPU
		{A67936DA-4E78-4C9A-8D6F-7D8B23248373}.Debug|x64.Build.0 = Debug|Any CPU
		{A67936DA-4E78-4C9A-8D6F-7D8B23248373}.Debug|x86.ActiveCfg = Debug|Any CPU
		{A67936DA-4E78-4C9A-8D6F-7D8B23248373}.Debug|x86.Build.0 = Debug|Any CPU
		{A67936DA-4E78-4C9A-8D6F-7D8B23248373}.Release|Any CPU.ActiveCfg = Release|Any CPU
		{A67936DA-4E78-4C9A-8D6F-7D8B23248373}.Release|Any CPU.Build.0 = Release|Any CPU
		{A67936DA-4E78-4C9A-8D6F-7D8B23248373}.Release|x64.ActiveCfg = Release|Any CPU
		{A67936DA-4E78-4C9A-8D6F-7D8B23248373}.Release|x64.Build.0 = Release|Any CPU
		{A67936DA-4E78-4C9A-8D6F-7D8B23248373}.Release|x86.ActiveCfg = Release|Any CPU
		{A67936DA-4E78-4C9A-8D6F-7D8B23248373}.Release|x86.Build.0 = Release|Any CPU
		{22DFE784-8756-4D77-99B7-BB6BE110E5AA}.Debug|Any CPU.ActiveCfg = Debug|Any CPU
		{22DFE784-8756-4D77-99B7-BB6BE110E5AA}.Debug|Any CPU.Build.0 = Debug|Any CPU
		{22DFE784-8756-4D77-99B7-BB6BE110E5AA}.Debug|x64.ActiveCfg = Debug|Any CPU
		{22DFE784-8756-4D77-99B7-BB6BE110E5AA}.Debug|x64.Build.0 = Debug|Any CPU
		{22DFE784-8756-4D77-99B7-BB6BE110E5AA}.Debug|x86.ActiveCfg = Debug|Any CPU
		{22DFE784-8756-4D77-99B7-BB6BE110E5AA}.Debug|x86.Build.0 = Debug|Any CPU
		{22DFE784-8756-4D77-99B7-BB6BE110E5AA}.Release|Any CPU.ActiveCfg = Release|Any CPU
		{22DFE784-8756-4D77-99B7-BB6BE110E5AA}.Release|Any CPU.Build.0 = Release|Any CPU
		{22DFE784-8756-4D77-99B7-BB6BE110E5AA}.Release|x64.ActiveCfg = Release|Any CPU
		{22DFE784-8756-4D77-99B7-BB6BE110E5AA}.Release|x64.Build.0 = Release|Any CPU
		{22DFE784-8756-4D77-99B7-BB6BE110E5AA}.Release|x86.ActiveCfg = Release|Any CPU
		{22DFE784-8756-4D77-99B7-BB6BE110E5AA}.Release|x86.Build.0 = Release|Any CPU
		{679FAF50-C810-40C5-9F8C-9070D41DBBFD}.Debug|Any CPU.ActiveCfg = Debug|Any CPU
		{679FAF50-C810-40C5-9F8C-9070D41DBBFD}.Debug|Any CPU.Build.0 = Debug|Any CPU
		{679FAF50-C810-40C5-9F8C-9070D41DBBFD}.Debug|x64.ActiveCfg = Debug|Any CPU
		{679FAF50-C810-40C5-9F8C-9070D41DBBFD}.Debug|x64.Build.0 = Debug|Any CPU
		{679FAF50-C810-40C5-9F8C-9070D41DBBFD}.Debug|x86.ActiveCfg = Debug|Any CPU
		{679FAF50-C810-40C5-9F8C-9070D41DBBFD}.Debug|x86.Build.0 = Debug|Any CPU
		{679FAF50-C810-40C5-9F8C-9070D41DBBFD}.Release|Any CPU.ActiveCfg = Release|Any CPU
		{679FAF50-C810-40C5-9F8C-9070D41DBBFD}.Release|Any CPU.Build.0 = Release|Any CPU
		{679FAF50-C810-40C5-9F8C-9070D41DBBFD}.Release|x64.ActiveCfg = Release|Any CPU
		{679FAF50-C810-40C5-9F8C-9070D41DBBFD}.Release|x64.Build.0 = Release|Any CPU
		{679FAF50-C810-40C5-9F8C-9070D41DBBFD}.Release|x86.ActiveCfg = Release|Any CPU
		{679FAF50-C810-40C5-9F8C-9070D41DBBFD}.Release|x86.Build.0 = Release|Any CPU
		{98D411F6-13C8-4E6D-B3C7-9020D99A72CE}.Debug|Any CPU.ActiveCfg = Debug|Any CPU
		{98D411F6-13C8-4E6D-B3C7-9020D99A72CE}.Debug|Any CPU.Build.0 = Debug|Any CPU
		{98D411F6-13C8-4E6D-B3C7-9020D99A72CE}.Debug|x64.ActiveCfg = Debug|Any CPU
		{98D411F6-13C8-4E6D-B3C7-9020D99A72CE}.Debug|x64.Build.0 = Debug|Any CPU
		{98D411F6-13C8-4E6D-B3C7-9020D99A72CE}.Debug|x86.ActiveCfg = Debug|Any CPU
		{98D411F6-13C8-4E6D-B3C7-9020D99A72CE}.Debug|x86.Build.0 = Debug|Any CPU
		{98D411F6-13C8-4E6D-B3C7-9020D99A72CE}.Release|Any CPU.ActiveCfg = Release|Any CPU
		{98D411F6-13C8-4E6D-B3C7-9020D99A72CE}.Release|Any CPU.Build.0 = Release|Any CPU
		{98D411F6-13C8-4E6D-B3C7-9020D99A72CE}.Release|x64.ActiveCfg = Release|Any CPU
		{98D411F6-13C8-4E6D-B3C7-9020D99A72CE}.Release|x64.Build.0 = Release|Any CPU
		{98D411F6-13C8-4E6D-B3C7-9020D99A72CE}.Release|x86.ActiveCfg = Release|Any CPU
		{98D411F6-13C8-4E6D-B3C7-9020D99A72CE}.Release|x86.Build.0 = Release|Any CPU
		{1FB3631C-C086-40B0-A65D-C25FB9807B94}.Debug|Any CPU.ActiveCfg = Debug|Any CPU
		{1FB3631C-C086-40B0-A65D-C25FB9807B94}.Debug|Any CPU.Build.0 = Debug|Any CPU
		{1FB3631C-C086-40B0-A65D-C25FB9807B94}.Debug|x64.ActiveCfg = Debug|Any CPU
		{1FB3631C-C086-40B0-A65D-C25FB9807B94}.Debug|x64.Build.0 = Debug|Any CPU
		{1FB3631C-C086-40B0-A65D-C25FB9807B94}.Debug|x86.ActiveCfg = Debug|Any CPU
		{1FB3631C-C086-40B0-A65D-C25FB9807B94}.Debug|x86.Build.0 = Debug|Any CPU
		{1FB3631C-C086-40B0-A65D-C25FB9807B94}.Release|Any CPU.ActiveCfg = Release|Any CPU
		{1FB3631C-C086-40B0-A65D-C25FB9807B94}.Release|Any CPU.Build.0 = Release|Any CPU
		{1FB3631C-C086-40B0-A65D-C25FB9807B94}.Release|x64.ActiveCfg = Release|Any CPU
		{1FB3631C-C086-40B0-A65D-C25FB9807B94}.Release|x64.Build.0 = Release|Any CPU
		{1FB3631C-C086-40B0-A65D-C25FB9807B94}.Release|x86.ActiveCfg = Release|Any CPU
		{1FB3631C-C086-40B0-A65D-C25FB9807B94}.Release|x86.Build.0 = Release|Any CPU
	EndGlobalSection
	GlobalSection(SolutionProperties) = preSolution
		HideSolutionNode = FALSE
	EndGlobalSection
	GlobalSection(NestedProjects) = preSolution
		{5BD98FCC-0BAB-46DC-8BE7-DABF93FF8820} = {827E0CD3-B72D-47B6-A68D-7590B98EB39B}
		{F938EDCE-C7A2-4B5E-B989-3D6D658B5AFA} = {827E0CD3-B72D-47B6-A68D-7590B98EB39B}
		{AD61B269-6359-4148-A18F-2773A7F8E286} = {827E0CD3-B72D-47B6-A68D-7590B98EB39B}
		{618BBAC3-F2E9-4B8D-B866-1DFC8F8B7DE0} = {827E0CD3-B72D-47B6-A68D-7590B98EB39B}
		{38D62572-2509-4BFA-B897-9DDE989AA6A2} = {827E0CD3-B72D-47B6-A68D-7590B98EB39B}
		{5E1B7D92-5D98-4B95-A0D3-67635CD76BF4} = {827E0CD3-B72D-47B6-A68D-7590B98EB39B}
		{BD30AB16-3D98-4365-9C9E-0DE8E99F20AC} = {827E0CD3-B72D-47B6-A68D-7590B98EB39B}
		{13B474AB-D12D-4967-A1AA-534F471F4ADF} = {827E0CD3-B72D-47B6-A68D-7590B98EB39B}
		{7A3B8559-B9E7-446F-8891-EF4F034F3619} = {827E0CD3-B72D-47B6-A68D-7590B98EB39B}
		{A8CB539E-25E4-4482-87DE-C2649F673F25} = {827E0CD3-B72D-47B6-A68D-7590B98EB39B}
		{52BDF45E-74B7-4FF5-8612-7773EE5EB808} = {827E0CD3-B72D-47B6-A68D-7590B98EB39B}
		{04513B61-6321-4CF9-9950-7D99590F3EC9} = {0AB3BF05-4346-4AA6-1389-037BE0695223}
		{EC5A41CB-BC96-4EFC-B058-236D80C361D9} = {0AB3BF05-4346-4AA6-1389-037BE0695223}
		{25296621-6B8F-4177-AFBB-AEA16093ADA6} = {0AB3BF05-4346-4AA6-1389-037BE0695223}
		{6AAAA62C-617F-47F8-9DC4-B2AAF5B7C617} = {0AB3BF05-4346-4AA6-1389-037BE0695223}
		{F7A70512-D553-48E1-A043-0F8CBDEE7472} = {0AB3BF05-4346-4AA6-1389-037BE0695223}
		{BE26EA63-8351-457C-94B1-D957E27D8BE4} = {0AB3BF05-4346-4AA6-1389-037BE0695223}
		{DCB6E74C-E8CB-4F66-AD28-BA7AB76C13A2} = {0AB3BF05-4346-4AA6-1389-037BE0695223}
		{B145CCD3-9105-4A24-AEB6-06247CDADCCB} = {0AB3BF05-4346-4AA6-1389-037BE0695223}
		{A83E40D8-CD7E-4FB2-A122-B239BCD9D2CD} = {0AB3BF05-4346-4AA6-1389-037BE0695223}
		{EBC46215-06C0-4451-AA1E-6F1363EE82A6} = {0AB3BF05-4346-4AA6-1389-037BE0695223}
		{B7E5632C-A0B9-4F42-B35D-31DDF75959E2} = {827E0CD3-B72D-47B6-A68D-7590B98EB39B}
		{A67936DA-4E78-4C9A-8D6F-7D8B23248373} = {0AB3BF05-4346-4AA6-1389-037BE0695223}
		{22DFE784-8756-4D77-99B7-BB6BE110E5AA} = {827E0CD3-B72D-47B6-A68D-7590B98EB39B}
		{679FAF50-C810-40C5-9F8C-9070D41DBBFD} = {827E0CD3-B72D-47B6-A68D-7590B98EB39B}
		{98D411F6-13C8-4E6D-B3C7-9020D99A72CE} = {0AB3BF05-4346-4AA6-1389-037BE0695223}
		{1FB3631C-C086-40B0-A65D-C25FB9807B94} = {0AB3BF05-4346-4AA6-1389-037BE0695223}
	EndGlobalSection
EndGlobal
